
Microsoft Visual Studio Solution File, Format Version 12.00
# Visual Studio 15
Project("{FAE04EC0-301F-11D3-BF4B-00C04F79EFBC}") = "Assembly-CSharp", "Assembly-CSharp.csproj", "{B0618188-B18C-332A-41B8-2FB2D9512446}"
EndProject
Project("{FAE04EC0-301F-11D3-BF4B-00C04F79EFBC}") = "Assembly-CSharp-firstpass", "Assembly-CSharp-firstpass.csproj", "{FAA55F14-4F83-C7DC-B7AC-ADC32FC6ACC9}"
EndProject
Project("{FAE04EC0-301F-11D3-BF4B-00C04F79EFBC}") = "Assembly-CSharp-Editor-firstpass", "Assembly-CSharp-Editor-firstpass.csproj", "{FDB7879E-9014-6C10-50B9-D77726329AEC}"
EndProject
Project("{FAE04EC0-301F-11D3-BF4B-00C04F79EFBC}") = "Assembly-CSharp-Editor", "Assembly-CSharp-Editor.csproj", "{D62471B3-4564-8C71-320A-DE77822BAEE9}"
EndProject
Global
	GlobalSection(SolutionConfigurationPlatforms) = preSolution
		Debug|Any CPU = Debug|Any CPU
		Release|Any CPU = Release|Any CPU
	EndGlobalSection
	GlobalSection(ProjectConfigurationPlatforms) = postSolution
		{B0618188-B18C-332A-41B8-2FB2D9512446}.Debug|Any CPU.ActiveCfg = Debug|Any CPU
		{B0618188-B18C-332A-41B8-2FB2D9512446}.Debug|Any CPU.Build.0 = Debug|Any CPU
		{B0618188-B18C-332A-41B8-2FB2D9512446}.Release|Any CPU.ActiveCfg = Release|Any CPU
		{B0618188-B18C-332A-41B8-2FB2D9512446}.Release|Any CPU.Build.0 = Release|Any CPU
		{FAA55F14-4F83-C7DC-B7AC-ADC32FC6ACC9}.Debug|Any CPU.ActiveCfg = Debug|Any CPU
		{FAA55F14-4F83-C7DC-B7AC-ADC32FC6ACC9}.Debug|Any CPU.Build.0 = Debug|Any CPU
		{FAA55F14-4F83-C7DC-B7AC-ADC32FC6ACC9}.Release|Any CPU.ActiveCfg = Release|Any CPU
		{FAA55F14-4F83-C7DC-B7AC-ADC32FC6ACC9}.Release|Any CPU.Build.0 = Release|Any CPU
		{FDB7879E-9014-6C10-50B9-D77726329AEC}.Debug|Any CPU.ActiveCfg = Debug|Any CPU
		{FDB7879E-9014-6C10-50B9-D77726329AEC}.Debug|Any CPU.Build.0 = Debug|Any CPU
		{FDB7879E-9014-6C10-50B9-D77726329AEC}.Release|Any CPU.ActiveCfg = Release|Any CPU
		{FDB7879E-9014-6C10-50B9-D77726329AEC}.Release|Any CPU.Build.0 = Release|Any CPU
		{D62471B3-4564-8C71-320A-DE77822BAEE9}.Debug|Any CPU.ActiveCfg = Debug|Any CPU
		{D62471B3-4564-8C71-320A-DE77822BAEE9}.Debug|Any CPU.Build.0 = Debug|Any CPU
		{D62471B3-4564-8C71-320A-DE77822BAEE9}.Release|Any CPU.ActiveCfg = Release|Any CPU
		{D62471B3-4564-8C71-320A-DE77822BAEE9}.Release|Any CPU.Build.0 = Release|Any CPU
	EndGlobalSection
	GlobalSection(SolutionProperties) = preSolution
		HideSolutionNode = FALSE
	EndGlobalSection
EndGlobal
